
Microsoft Visual Studio Solution File, Format Version 12.00
# Visual Studio 2013
VisualStudioVersion = 12.0.31101.0
MinimumVisualStudioVersion = 10.0.40219.1
Project("{FAE04EC0-301F-11D3-BF4B-00C04F79EFBC}") = "vplan", "vplan\vplan.csproj", "{2C137D8B-D5D3-4D89-8445-535E7C3D4A32}"
EndProject
Project("{FAE04EC0-301F-11D3-BF4B-00C04F79EFBC}") = "DataUpdate", "DataUpdate\DataUpdate.csproj", "{62FD9703-371A-4893-9DCD-4EDB84B09862}"
EndProject
Project("{FAE04EC0-301F-11D3-BF4B-00C04F79EFBC}") = "UntisExport", "..\..\..\..\..\..\code\UntisExp\informant-core\UntisExport.csproj", "{7E2DE76A-BF93-4B36-9223-D996F1C746CD}"
EndProject
Global
	GlobalSection(SolutionConfigurationPlatforms) = preSolution
		Debug|Any CPU = Debug|Any CPU
		Debug|ARM = Debug|ARM
		Debug|x86 = Debug|x86
		Debug-Droid|Any CPU = Debug-Droid|Any CPU
		Debug-Droid|ARM = Debug-Droid|ARM
		Debug-Droid|x86 = Debug-Droid|x86
		Debug-Droid-Lehrer|Any CPU = Debug-Droid-Lehrer|Any CPU
		Debug-Droid-Lehrer|ARM = Debug-Droid-Lehrer|ARM
		Debug-Droid-Lehrer|x86 = Debug-Droid-Lehrer|x86
		Debug-iOS|Any CPU = Debug-iOS|Any CPU
		Debug-iOS|ARM = Debug-iOS|ARM
		Debug-iOS|x86 = Debug-iOS|x86
		Debug-iOS-Lehrer|Any CPU = Debug-iOS-Lehrer|Any CPU
		Debug-iOS-Lehrer|ARM = Debug-iOS-Lehrer|ARM
		Debug-iOS-Lehrer|x86 = Debug-iOS-Lehrer|x86
		Debug-WP|Any CPU = Debug-WP|Any CPU
		Debug-WP|ARM = Debug-WP|ARM
		Debug-WP|x86 = Debug-WP|x86
		Debug-WP-Lehrer|Any CPU = Debug-WP-Lehrer|Any CPU
		Debug-WP-Lehrer|ARM = Debug-WP-Lehrer|ARM
		Debug-WP-Lehrer|x86 = Debug-WP-Lehrer|x86
		Droid|Any CPU = Droid|Any CPU
		Droid|ARM = Droid|ARM
		Droid|x86 = Droid|x86
		Droid-Lehrer|Any CPU = Droid-Lehrer|Any CPU
		Droid-Lehrer|ARM = Droid-Lehrer|ARM
		Droid-Lehrer|x86 = Droid-Lehrer|x86
		Release|Any CPU = Release|Any CPU
		Release|ARM = Release|ARM
		Release|x86 = Release|x86
		Release-iOS|Any CPU = Release-iOS|Any CPU
		Release-iOS|ARM = Release-iOS|ARM
		Release-iOS|x86 = Release-iOS|x86
		Release-iOS-Lehrer|Any CPU = Release-iOS-Lehrer|Any CPU
		Release-iOS-Lehrer|ARM = Release-iOS-Lehrer|ARM
		Release-iOS-Lehrer|x86 = Release-iOS-Lehrer|x86
		Release-WP|Any CPU = Release-WP|Any CPU
		Release-WP|ARM = Release-WP|ARM
		Release-WP|x86 = Release-WP|x86
		Release-WP-Lehrer|Any CPU = Release-WP-Lehrer|Any CPU
		Release-WP-Lehrer|ARM = Release-WP-Lehrer|ARM
		Release-WP-Lehrer|x86 = Release-WP-Lehrer|x86
	EndGlobalSection
	GlobalSection(ProjectConfigurationPlatforms) = postSolution
		{2C137D8B-D5D3-4D89-8445-535E7C3D4A32}.Debug|Any CPU.ActiveCfg = Debug|Any CPU
		{2C137D8B-D5D3-4D89-8445-535E7C3D4A32}.Debug|Any CPU.Build.0 = Debug|Any CPU
		{2C137D8B-D5D3-4D89-8445-535E7C3D4A32}.Debug|Any CPU.Deploy.0 = Debug|Any CPU
		{2C137D8B-D5D3-4D89-8445-535E7C3D4A32}.Debug|ARM.ActiveCfg = Debug|ARM
		{2C137D8B-D5D3-4D89-8445-535E7C3D4A32}.Debug|ARM.Build.0 = Debug|ARM
		{2C137D8B-D5D3-4D89-8445-535E7C3D4A32}.Debug|ARM.Deploy.0 = Debug|ARM
		{2C137D8B-D5D3-4D89-8445-535E7C3D4A32}.Debug|x86.ActiveCfg = Debug|x86
		{2C137D8B-D5D3-4D89-8445-535E7C3D4A32}.Debug|x86.Build.0 = Debug|x86
		{2C137D8B-D5D3-4D89-8445-535E7C3D4A32}.Debug|x86.Deploy.0 = Debug|x86
		{2C137D8B-D5D3-4D89-8445-535E7C3D4A32}.Debug-Droid|Any CPU.ActiveCfg = Debug|Any CPU
		{2C137D8B-D5D3-4D89-8445-535E7C3D4A32}.Debug-Droid|Any CPU.Build.0 = Debug|Any CPU
		{2C137D8B-D5D3-4D89-8445-535E7C3D4A32}.Debug-Droid|Any CPU.Deploy.0 = Debug|Any CPU
		{2C137D8B-D5D3-4D89-8445-535E7C3D4A32}.Debug-Droid|ARM.ActiveCfg = Debug|ARM
		{2C137D8B-D5D3-4D89-8445-535E7C3D4A32}.Debug-Droid|ARM.Build.0 = Debug|ARM
		{2C137D8B-D5D3-4D89-8445-535E7C3D4A32}.Debug-Droid|ARM.Deploy.0 = Debug|ARM
		{2C137D8B-D5D3-4D89-8445-535E7C3D4A32}.Debug-Droid|x86.ActiveCfg = Debug|x86
		{2C137D8B-D5D3-4D89-8445-535E7C3D4A32}.Debug-Droid|x86.Build.0 = Debug|x86
		{2C137D8B-D5D3-4D89-8445-535E7C3D4A32}.Debug-Droid|x86.Deploy.0 = Debug|x86
		{2C137D8B-D5D3-4D89-8445-535E7C3D4A32}.Debug-Droid-Lehrer|Any CPU.ActiveCfg = Debug-Lehrer|Any CPU
		{2C137D8B-D5D3-4D89-8445-535E7C3D4A32}.Debug-Droid-Lehrer|Any CPU.Build.0 = Debug-Lehrer|Any CPU
		{2C137D8B-D5D3-4D89-8445-535E7C3D4A32}.Debug-Droid-Lehrer|Any CPU.Deploy.0 = Debug-Lehrer|Any CPU
		{2C137D8B-D5D3-4D89-8445-535E7C3D4A32}.Debug-Droid-Lehrer|ARM.ActiveCfg = Debug-Lehrer|ARM
		{2C137D8B-D5D3-4D89-8445-535E7C3D4A32}.Debug-Droid-Lehrer|ARM.Build.0 = Debug-Lehrer|ARM
		{2C137D8B-D5D3-4D89-8445-535E7C3D4A32}.Debug-Droid-Lehrer|ARM.Deploy.0 = Debug-Lehrer|ARM
		{2C137D8B-D5D3-4D89-8445-535E7C3D4A32}.Debug-Droid-Lehrer|x86.ActiveCfg = Debug-Lehrer|x86
		{2C137D8B-D5D3-4D89-8445-535E7C3D4A32}.Debug-Droid-Lehrer|x86.Build.0 = Debug-Lehrer|x86
		{2C137D8B-D5D3-4D89-8445-535E7C3D4A32}.Debug-Droid-Lehrer|x86.Deploy.0 = Debug-Lehrer|x86
		{2C137D8B-D5D3-4D89-8445-535E7C3D4A32}.Debug-iOS|Any CPU.ActiveCfg = Debug|Any CPU
		{2C137D8B-D5D3-4D89-8445-535E7C3D4A32}.Debug-iOS|Any CPU.Build.0 = Debug|Any CPU
		{2C137D8B-D5D3-4D89-8445-535E7C3D4A32}.Debug-iOS|Any CPU.Deploy.0 = Debug|Any CPU
		{2C137D8B-D5D3-4D89-8445-535E7C3D4A32}.Debug-iOS|ARM.ActiveCfg = Debug|ARM
		{2C137D8B-D5D3-4D89-8445-535E7C3D4A32}.Debug-iOS|ARM.Build.0 = Debug|ARM
		{2C137D8B-D5D3-4D89-8445-535E7C3D4A32}.Debug-iOS|ARM.Deploy.0 = Debug|ARM
		{2C137D8B-D5D3-4D89-8445-535E7C3D4A32}.Debug-iOS|x86.ActiveCfg = Debug|x86
		{2C137D8B-D5D3-4D89-8445-535E7C3D4A32}.Debug-iOS|x86.Build.0 = Debug|x86
		{2C137D8B-D5D3-4D89-8445-535E7C3D4A32}.Debug-iOS|x86.Deploy.0 = Debug|x86
		{2C137D8B-D5D3-4D89-8445-535E7C3D4A32}.Debug-iOS-Lehrer|Any CPU.ActiveCfg = Debug-Lehrer|Any CPU
		{2C137D8B-D5D3-4D89-8445-535E7C3D4A32}.Debug-iOS-Lehrer|Any CPU.Build.0 = Debug-Lehrer|Any CPU
		{2C137D8B-D5D3-4D89-8445-535E7C3D4A32}.Debug-iOS-Lehrer|Any CPU.Deploy.0 = Debug-Lehrer|Any CPU
		{2C137D8B-D5D3-4D89-8445-535E7C3D4A32}.Debug-iOS-Lehrer|ARM.ActiveCfg = Debug-Lehrer|ARM
		{2C137D8B-D5D3-4D89-8445-535E7C3D4A32}.Debug-iOS-Lehrer|ARM.Build.0 = Debug-Lehrer|ARM
		{2C137D8B-D5D3-4D89-8445-535E7C3D4A32}.Debug-iOS-Lehrer|ARM.Deploy.0 = Debug-Lehrer|ARM
		{2C137D8B-D5D3-4D89-8445-535E7C3D4A32}.Debug-iOS-Lehrer|x86.ActiveCfg = Debug-Lehrer|x86
		{2C137D8B-D5D3-4D89-8445-535E7C3D4A32}.Debug-iOS-Lehrer|x86.Build.0 = Debug-Lehrer|x86
		{2C137D8B-D5D3-4D89-8445-535E7C3D4A32}.Debug-iOS-Lehrer|x86.Deploy.0 = Debug-Lehrer|x86
		{2C137D8B-D5D3-4D89-8445-535E7C3D4A32}.Debug-WP|Any CPU.ActiveCfg = Debug|Any CPU
		{2C137D8B-D5D3-4D89-8445-535E7C3D4A32}.Debug-WP|Any CPU.Build.0 = Debug|Any CPU
		{2C137D8B-D5D3-4D89-8445-535E7C3D4A32}.Debug-WP|Any CPU.Deploy.0 = Debug|Any CPU
		{2C137D8B-D5D3-4D89-8445-535E7C3D4A32}.Debug-WP|ARM.ActiveCfg = Debug|ARM
		{2C137D8B-D5D3-4D89-8445-535E7C3D4A32}.Debug-WP|ARM.Build.0 = Debug|ARM
		{2C137D8B-D5D3-4D89-8445-535E7C3D4A32}.Debug-WP|ARM.Deploy.0 = Debug|ARM
		{2C137D8B-D5D3-4D89-8445-535E7C3D4A32}.Debug-WP|x86.ActiveCfg = Debug|x86
		{2C137D8B-D5D3-4D89-8445-535E7C3D4A32}.Debug-WP|x86.Build.0 = Debug|x86
		{2C137D8B-D5D3-4D89-8445-535E7C3D4A32}.Debug-WP|x86.Deploy.0 = Debug|x86
		{2C137D8B-D5D3-4D89-8445-535E7C3D4A32}.Debug-WP-Lehrer|Any CPU.ActiveCfg = Debug-Lehrer|Any CPU
		{2C137D8B-D5D3-4D89-8445-535E7C3D4A32}.Debug-WP-Lehrer|Any CPU.Build.0 = Debug-Lehrer|Any CPU
		{2C137D8B-D5D3-4D89-8445-535E7C3D4A32}.Debug-WP-Lehrer|Any CPU.Deploy.0 = Debug-Lehrer|Any CPU
		{2C137D8B-D5D3-4D89-8445-535E7C3D4A32}.Debug-WP-Lehrer|ARM.ActiveCfg = Debug-Lehrer|ARM
		{2C137D8B-D5D3-4D89-8445-535E7C3D4A32}.Debug-WP-Lehrer|ARM.Build.0 = Debug-Lehrer|ARM
		{2C137D8B-D5D3-4D89-8445-535E7C3D4A32}.Debug-WP-Lehrer|ARM.Deploy.0 = Debug-Lehrer|ARM
		{2C137D8B-D5D3-4D89-8445-535E7C3D4A32}.Debug-WP-Lehrer|x86.ActiveCfg = Debug-Lehrer|x86
		{2C137D8B-D5D3-4D89-8445-535E7C3D4A32}.Debug-WP-Lehrer|x86.Build.0 = Debug-Lehrer|x86
		{2C137D8B-D5D3-4D89-8445-535E7C3D4A32}.Debug-WP-Lehrer|x86.Deploy.0 = Debug-Lehrer|x86
		{2C137D8B-D5D3-4D89-8445-535E7C3D4A32}.Droid|Any CPU.ActiveCfg = Debug|Any CPU
		{2C137D8B-D5D3-4D89-8445-535E7C3D4A32}.Droid|Any CPU.Build.0 = Debug|Any CPU
		{2C137D8B-D5D3-4D89-8445-535E7C3D4A32}.Droid|Any CPU.Deploy.0 = Debug|Any CPU
		{2C137D8B-D5D3-4D89-8445-535E7C3D4A32}.Droid|ARM.ActiveCfg = Debug|ARM
		{2C137D8B-D5D3-4D89-8445-535E7C3D4A32}.Droid|ARM.Build.0 = Debug|ARM
		{2C137D8B-D5D3-4D89-8445-535E7C3D4A32}.Droid|ARM.Deploy.0 = Debug|ARM
		{2C137D8B-D5D3-4D89-8445-535E7C3D4A32}.Droid|x86.ActiveCfg = Debug|x86
		{2C137D8B-D5D3-4D89-8445-535E7C3D4A32}.Droid|x86.Build.0 = Debug|x86
		{2C137D8B-D5D3-4D89-8445-535E7C3D4A32}.Droid|x86.Deploy.0 = Debug|x86
		{2C137D8B-D5D3-4D89-8445-535E7C3D4A32}.Droid-Lehrer|Any CPU.ActiveCfg = Debug|Any CPU
		{2C137D8B-D5D3-4D89-8445-535E7C3D4A32}.Droid-Lehrer|Any CPU.Build.0 = Debug|Any CPU
		{2C137D8B-D5D3-4D89-8445-535E7C3D4A32}.Droid-Lehrer|Any CPU.Deploy.0 = Debug|Any CPU
		{2C137D8B-D5D3-4D89-8445-535E7C3D4A32}.Droid-Lehrer|ARM.ActiveCfg = Debug-Lehrer|ARM
		{2C137D8B-D5D3-4D89-8445-535E7C3D4A32}.Droid-Lehrer|ARM.Build.0 = Debug-Lehrer|ARM
		{2C137D8B-D5D3-4D89-8445-535E7C3D4A32}.Droid-Lehrer|ARM.Deploy.0 = Debug-Lehrer|ARM
		{2C137D8B-D5D3-4D89-8445-535E7C3D4A32}.Droid-Lehrer|x86.ActiveCfg = Debug-Lehrer|x86
		{2C137D8B-D5D3-4D89-8445-535E7C3D4A32}.Droid-Lehrer|x86.Build.0 = Debug-Lehrer|x86
		{2C137D8B-D5D3-4D89-8445-535E7C3D4A32}.Droid-Lehrer|x86.Deploy.0 = Debug-Lehrer|x86
		{2C137D8B-D5D3-4D89-8445-535E7C3D4A32}.Release|Any CPU.ActiveCfg = Release|Any CPU
		{2C137D8B-D5D3-4D89-8445-535E7C3D4A32}.Release|Any CPU.Build.0 = Release|Any CPU
		{2C137D8B-D5D3-4D89-8445-535E7C3D4A32}.Release|Any CPU.Deploy.0 = Release|Any CPU
		{2C137D8B-D5D3-4D89-8445-535E7C3D4A32}.Release|ARM.ActiveCfg = Release|ARM
		{2C137D8B-D5D3-4D89-8445-535E7C3D4A32}.Release|ARM.Build.0 = Release|ARM
		{2C137D8B-D5D3-4D89-8445-535E7C3D4A32}.Release|ARM.Deploy.0 = Release|ARM
		{2C137D8B-D5D3-4D89-8445-535E7C3D4A32}.Release|x86.ActiveCfg = Release|x86
		{2C137D8B-D5D3-4D89-8445-535E7C3D4A32}.Release|x86.Build.0 = Release|x86
		{2C137D8B-D5D3-4D89-8445-535E7C3D4A32}.Release|x86.Deploy.0 = Release|x86
		{2C137D8B-D5D3-4D89-8445-535E7C3D4A32}.Release-iOS|Any CPU.ActiveCfg = Release|Any CPU
		{2C137D8B-D5D3-4D89-8445-535E7C3D4A32}.Release-iOS|Any CPU.Build.0 = Release|Any CPU
		{2C137D8B-D5D3-4D89-8445-535E7C3D4A32}.Release-iOS|Any CPU.Deploy.0 = Release|Any CPU
		{2C137D8B-D5D3-4D89-8445-535E7C3D4A32}.Release-iOS|ARM.ActiveCfg = Release|ARM
		{2C137D8B-D5D3-4D89-8445-535E7C3D4A32}.Release-iOS|ARM.Build.0 = Release|ARM
		{2C137D8B-D5D3-4D89-8445-535E7C3D4A32}.Release-iOS|ARM.Deploy.0 = Release|ARM
		{2C137D8B-D5D3-4D89-8445-535E7C3D4A32}.Release-iOS|x86.ActiveCfg = Release|x86
		{2C137D8B-D5D3-4D89-8445-535E7C3D4A32}.Release-iOS|x86.Build.0 = Release|x86
		{2C137D8B-D5D3-4D89-8445-535E7C3D4A32}.Release-iOS|x86.Deploy.0 = Release|x86
		{2C137D8B-D5D3-4D89-8445-535E7C3D4A32}.Release-iOS-Lehrer|Any CPU.ActiveCfg = Release-Lehrer|Any CPU
		{2C137D8B-D5D3-4D89-8445-535E7C3D4A32}.Release-iOS-Lehrer|Any CPU.Build.0 = Release-Lehrer|Any CPU
		{2C137D8B-D5D3-4D89-8445-535E7C3D4A32}.Release-iOS-Lehrer|Any CPU.Deploy.0 = Release-Lehrer|Any CPU
		{2C137D8B-D5D3-4D89-8445-535E7C3D4A32}.Release-iOS-Lehrer|ARM.ActiveCfg = Release-Lehrer|ARM
		{2C137D8B-D5D3-4D89-8445-535E7C3D4A32}.Release-iOS-Lehrer|ARM.Build.0 = Release-Lehrer|ARM
		{2C137D8B-D5D3-4D89-8445-535E7C3D4A32}.Release-iOS-Lehrer|ARM.Deploy.0 = Release-Lehrer|ARM
		{2C137D8B-D5D3-4D89-8445-535E7C3D4A32}.Release-iOS-Lehrer|x86.ActiveCfg = Release-Lehrer|x86
		{2C137D8B-D5D3-4D89-8445-535E7C3D4A32}.Release-iOS-Lehrer|x86.Build.0 = Release-Lehrer|x86
		{2C137D8B-D5D3-4D89-8445-535E7C3D4A32}.Release-iOS-Lehrer|x86.Deploy.0 = Release-Lehrer|x86
		{2C137D8B-D5D3-4D89-8445-535E7C3D4A32}.Release-WP|Any CPU.ActiveCfg = Release|Any CPU
		{2C137D8B-D5D3-4D89-8445-535E7C3D4A32}.Release-WP|Any CPU.Build.0 = Release|Any CPU
		{2C137D8B-D5D3-4D89-8445-535E7C3D4A32}.Release-WP|Any CPU.Deploy.0 = Release|Any CPU
		{2C137D8B-D5D3-4D89-8445-535E7C3D4A32}.Release-WP|ARM.ActiveCfg = Release|ARM
		{2C137D8B-D5D3-4D89-8445-535E7C3D4A32}.Release-WP|ARM.Build.0 = Release|ARM
		{2C137D8B-D5D3-4D89-8445-535E7C3D4A32}.Release-WP|ARM.Deploy.0 = Release|ARM
		{2C137D8B-D5D3-4D89-8445-535E7C3D4A32}.Release-WP|x86.ActiveCfg = Release|x86
		{2C137D8B-D5D3-4D89-8445-535E7C3D4A32}.Release-WP|x86.Build.0 = Release|x86
		{2C137D8B-D5D3-4D89-8445-535E7C3D4A32}.Release-WP|x86.Deploy.0 = Release|x86
		{2C137D8B-D5D3-4D89-8445-535E7C3D4A32}.Release-WP-Lehrer|Any CPU.ActiveCfg = Release-Lehrer|Any CPU
		{2C137D8B-D5D3-4D89-8445-535E7C3D4A32}.Release-WP-Lehrer|Any CPU.Build.0 = Release-Lehrer|Any CPU
		{2C137D8B-D5D3-4D89-8445-535E7C3D4A32}.Release-WP-Lehrer|Any CPU.Deploy.0 = Release-Lehrer|Any CPU
		{2C137D8B-D5D3-4D89-8445-535E7C3D4A32}.Release-WP-Lehrer|ARM.ActiveCfg = Release-Lehrer|ARM
		{2C137D8B-D5D3-4D89-8445-535E7C3D4A32}.Release-WP-Lehrer|ARM.Build.0 = Release-Lehrer|ARM
		{2C137D8B-D5D3-4D89-8445-535E7C3D4A32}.Release-WP-Lehrer|ARM.Deploy.0 = Release-Lehrer|ARM
		{2C137D8B-D5D3-4D89-8445-535E7C3D4A32}.Release-WP-Lehrer|x86.ActiveCfg = Release-Lehrer|x86
		{2C137D8B-D5D3-4D89-8445-535E7C3D4A32}.Release-WP-Lehrer|x86.Build.0 = Release-Lehrer|x86
		{2C137D8B-D5D3-4D89-8445-535E7C3D4A32}.Release-WP-Lehrer|x86.Deploy.0 = Release-Lehrer|x86
		{62FD9703-371A-4893-9DCD-4EDB84B09862}.Debug|Any CPU.ActiveCfg = Debug|Any CPU
		{62FD9703-371A-4893-9DCD-4EDB84B09862}.Debug|Any CPU.Build.0 = Debug|Any CPU
		{62FD9703-371A-4893-9DCD-4EDB84B09862}.Debug|ARM.ActiveCfg = Debug|ARM
		{62FD9703-371A-4893-9DCD-4EDB84B09862}.Debug|ARM.Build.0 = Debug|ARM
		{62FD9703-371A-4893-9DCD-4EDB84B09862}.Debug|x86.ActiveCfg = Debug|x86
		{62FD9703-371A-4893-9DCD-4EDB84B09862}.Debug|x86.Build.0 = Debug|x86
		{62FD9703-371A-4893-9DCD-4EDB84B09862}.Debug-Droid|Any CPU.ActiveCfg = Debug|Any CPU
		{62FD9703-371A-4893-9DCD-4EDB84B09862}.Debug-Droid|Any CPU.Build.0 = Debug|Any CPU
		{62FD9703-371A-4893-9DCD-4EDB84B09862}.Debug-Droid|ARM.ActiveCfg = Debug|ARM
		{62FD9703-371A-4893-9DCD-4EDB84B09862}.Debug-Droid|ARM.Build.0 = Debug|ARM
		{62FD9703-371A-4893-9DCD-4EDB84B09862}.Debug-Droid|x86.ActiveCfg = Debug|x86
		{62FD9703-371A-4893-9DCD-4EDB84B09862}.Debug-Droid|x86.Build.0 = Debug|x86
		{62FD9703-371A-4893-9DCD-4EDB84B09862}.Debug-Droid-Lehrer|Any CPU.ActiveCfg = Debug|Any CPU
		{62FD9703-371A-4893-9DCD-4EDB84B09862}.Debug-Droid-Lehrer|Any CPU.Build.0 = Debug|Any CPU
		{62FD9703-371A-4893-9DCD-4EDB84B09862}.Debug-Droid-Lehrer|ARM.ActiveCfg = Debug|ARM
		{62FD9703-371A-4893-9DCD-4EDB84B09862}.Debug-Droid-Lehrer|ARM.Build.0 = Debug|ARM
		{62FD9703-371A-4893-9DCD-4EDB84B09862}.Debug-Droid-Lehrer|x86.ActiveCfg = Debug|x86
		{62FD9703-371A-4893-9DCD-4EDB84B09862}.Debug-Droid-Lehrer|x86.Build.0 = Debug|x86
		{62FD9703-371A-4893-9DCD-4EDB84B09862}.Debug-iOS|Any CPU.ActiveCfg = Debug|Any CPU
		{62FD9703-371A-4893-9DCD-4EDB84B09862}.Debug-iOS|Any CPU.Build.0 = Debug|Any CPU
		{62FD9703-371A-4893-9DCD-4EDB84B09862}.Debug-iOS|ARM.ActiveCfg = Debug|ARM
		{62FD9703-371A-4893-9DCD-4EDB84B09862}.Debug-iOS|ARM.Build.0 = Debug|ARM
		{62FD9703-371A-4893-9DCD-4EDB84B09862}.Debug-iOS|x86.ActiveCfg = Debug|x86
		{62FD9703-371A-4893-9DCD-4EDB84B09862}.Debug-iOS|x86.Build.0 = Debug|x86
		{62FD9703-371A-4893-9DCD-4EDB84B09862}.Debug-iOS-Lehrer|Any CPU.ActiveCfg = Debug|Any CPU
		{62FD9703-371A-4893-9DCD-4EDB84B09862}.Debug-iOS-Lehrer|Any CPU.Build.0 = Debug|Any CPU
		{62FD9703-371A-4893-9DCD-4EDB84B09862}.Debug-iOS-Lehrer|ARM.ActiveCfg = Debug|ARM
		{62FD9703-371A-4893-9DCD-4EDB84B09862}.Debug-iOS-Lehrer|ARM.Build.0 = Debug|ARM
		{62FD9703-371A-4893-9DCD-4EDB84B09862}.Debug-iOS-Lehrer|x86.ActiveCfg = Debug|x86
		{62FD9703-371A-4893-9DCD-4EDB84B09862}.Debug-iOS-Lehrer|x86.Build.0 = Debug|x86
		{62FD9703-371A-4893-9DCD-4EDB84B09862}.Debug-WP|Any CPU.ActiveCfg = Debug|Any CPU
		{62FD9703-371A-4893-9DCD-4EDB84B09862}.Debug-WP|Any CPU.Build.0 = Debug|Any CPU
		{62FD9703-371A-4893-9DCD-4EDB84B09862}.Debug-WP|ARM.ActiveCfg = Debug|ARM
		{62FD9703-371A-4893-9DCD-4EDB84B09862}.Debug-WP|ARM.Build.0 = Debug|ARM
		{62FD9703-371A-4893-9DCD-4EDB84B09862}.Debug-WP|x86.ActiveCfg = Debug|x86
		{62FD9703-371A-4893-9DCD-4EDB84B09862}.Debug-WP|x86.Build.0 = Debug|x86
		{62FD9703-371A-4893-9DCD-4EDB84B09862}.Debug-WP-Lehrer|Any CPU.ActiveCfg = Debug|Any CPU
		{62FD9703-371A-4893-9DCD-4EDB84B09862}.Debug-WP-Lehrer|Any CPU.Build.0 = Debug|Any CPU
		{62FD9703-371A-4893-9DCD-4EDB84B09862}.Debug-WP-Lehrer|ARM.ActiveCfg = Debug|ARM
		{62FD9703-371A-4893-9DCD-4EDB84B09862}.Debug-WP-Lehrer|ARM.Build.0 = Debug|ARM
		{62FD9703-371A-4893-9DCD-4EDB84B09862}.Debug-WP-Lehrer|x86.ActiveCfg = Debug|x86
		{62FD9703-371A-4893-9DCD-4EDB84B09862}.Debug-WP-Lehrer|x86.Build.0 = Debug|x86
		{62FD9703-371A-4893-9DCD-4EDB84B09862}.Droid|Any CPU.ActiveCfg = Debug|Any CPU
		{62FD9703-371A-4893-9DCD-4EDB84B09862}.Droid|Any CPU.Build.0 = Debug|Any CPU
		{62FD9703-371A-4893-9DCD-4EDB84B09862}.Droid|ARM.ActiveCfg = Debug|ARM
		{62FD9703-371A-4893-9DCD-4EDB84B09862}.Droid|ARM.Build.0 = Debug|ARM
		{62FD9703-371A-4893-9DCD-4EDB84B09862}.Droid|x86.ActiveCfg = Debug|x86
		{62FD9703-371A-4893-9DCD-4EDB84B09862}.Droid|x86.Build.0 = Debug|x86
		{62FD9703-371A-4893-9DCD-4EDB84B09862}.Droid-Lehrer|Any CPU.ActiveCfg = Debug|Any CPU
		{62FD9703-371A-4893-9DCD-4EDB84B09862}.Droid-Lehrer|Any CPU.Build.0 = Debug|Any CPU
		{62FD9703-371A-4893-9DCD-4EDB84B09862}.Droid-Lehrer|ARM.ActiveCfg = Debug|ARM
		{62FD9703-371A-4893-9DCD-4EDB84B09862}.Droid-Lehrer|ARM.Build.0 = Debug|ARM
		{62FD9703-371A-4893-9DCD-4EDB84B09862}.Droid-Lehrer|x86.ActiveCfg = Debug|x86
		{62FD9703-371A-4893-9DCD-4EDB84B09862}.Droid-Lehrer|x86.Build.0 = Debug|x86
		{62FD9703-371A-4893-9DCD-4EDB84B09862}.Release|Any CPU.ActiveCfg = Release|Any CPU
		{62FD9703-371A-4893-9DCD-4EDB84B09862}.Release|Any CPU.Build.0 = Release|Any CPU
		{62FD9703-371A-4893-9DCD-4EDB84B09862}.Release|ARM.ActiveCfg = Release|ARM
		{62FD9703-371A-4893-9DCD-4EDB84B09862}.Release|ARM.Build.0 = Release|ARM
		{62FD9703-371A-4893-9DCD-4EDB84B09862}.Release|x86.ActiveCfg = Release|x86
		{62FD9703-371A-4893-9DCD-4EDB84B09862}.Release|x86.Build.0 = Release|x86
		{62FD9703-371A-4893-9DCD-4EDB84B09862}.Release-iOS|Any CPU.ActiveCfg = Release|Any CPU
		{62FD9703-371A-4893-9DCD-4EDB84B09862}.Release-iOS|Any CPU.Build.0 = Release|Any CPU
		{62FD9703-371A-4893-9DCD-4EDB84B09862}.Release-iOS|ARM.ActiveCfg = Release|ARM
		{62FD9703-371A-4893-9DCD-4EDB84B09862}.Release-iOS|ARM.Build.0 = Release|ARM
		{62FD9703-371A-4893-9DCD-4EDB84B09862}.Release-iOS|x86.ActiveCfg = Release|x86
		{62FD9703-371A-4893-9DCD-4EDB84B09862}.Release-iOS|x86.Build.0 = Release|x86
		{62FD9703-371A-4893-9DCD-4EDB84B09862}.Release-iOS-Lehrer|Any CPU.ActiveCfg = Release|Any CPU
		{62FD9703-371A-4893-9DCD-4EDB84B09862}.Release-iOS-Lehrer|Any CPU.Build.0 = Release|Any CPU
		{62FD9703-371A-4893-9DCD-4EDB84B09862}.Release-iOS-Lehrer|ARM.ActiveCfg = Release|ARM
		{62FD9703-371A-4893-9DCD-4EDB84B09862}.Release-iOS-Lehrer|ARM.Build.0 = Release|ARM
		{62FD9703-371A-4893-9DCD-4EDB84B09862}.Release-iOS-Lehrer|x86.ActiveCfg = Release|x86
		{62FD9703-371A-4893-9DCD-4EDB84B09862}.Release-iOS-Lehrer|x86.Build.0 = Release|x86
		{62FD9703-371A-4893-9DCD-4EDB84B09862}.Release-WP|Any CPU.ActiveCfg = Release|Any CPU
		{62FD9703-371A-4893-9DCD-4EDB84B09862}.Release-WP|Any CPU.Build.0 = Release|Any CPU
		{62FD9703-371A-4893-9DCD-4EDB84B09862}.Release-WP|ARM.ActiveCfg = Release|ARM
		{62FD9703-371A-4893-9DCD-4EDB84B09862}.Release-WP|ARM.Build.0 = Release|ARM
		{62FD9703-371A-4893-9DCD-4EDB84B09862}.Release-WP|x86.ActiveCfg = Release|x86
		{62FD9703-371A-4893-9DCD-4EDB84B09862}.Release-WP|x86.Build.0 = Release|x86
		{62FD9703-371A-4893-9DCD-4EDB84B09862}.Release-WP-Lehrer|Any CPU.ActiveCfg = Release|Any CPU
		{62FD9703-371A-4893-9DCD-4EDB84B09862}.Release-WP-Lehrer|Any CPU.Build.0 = Release|Any CPU
		{62FD9703-371A-4893-9DCD-4EDB84B09862}.Release-WP-Lehrer|ARM.ActiveCfg = Release|ARM
		{62FD9703-371A-4893-9DCD-4EDB84B09862}.Release-WP-Lehrer|ARM.Build.0 = Release|ARM
		{62FD9703-371A-4893-9DCD-4EDB84B09862}.Release-WP-Lehrer|x86.ActiveCfg = Release|x86
		{62FD9703-371A-4893-9DCD-4EDB84B09862}.Release-WP-Lehrer|x86.Build.0 = Release|x86
		{7E2DE76A-BF93-4B36-9223-D996F1C746CD}.Debug|Any CPU.ActiveCfg = Debug-WP|Any CPU
		{7E2DE76A-BF93-4B36-9223-D996F1C746CD}.Debug|Any CPU.Build.0 = Debug-WP|Any CPU
		{7E2DE76A-BF93-4B36-9223-D996F1C746CD}.Debug|ARM.ActiveCfg = Debug|Any CPU
		{7E2DE76A-BF93-4B36-9223-D996F1C746CD}.Debug|x86.ActiveCfg = Debug|Any CPU
		{7E2DE76A-BF93-4B36-9223-D996F1C746CD}.Debug-Droid|Any CPU.ActiveCfg = Debug-Droid|Any CPU
		{7E2DE76A-BF93-4B36-9223-D996F1C746CD}.Debug-Droid|Any CPU.Build.0 = Debug-Droid|Any CPU
		{7E2DE76A-BF93-4B36-9223-D996F1C746CD}.Debug-Droid|ARM.ActiveCfg = Debug-Droid|Any CPU
		{7E2DE76A-BF93-4B36-9223-D996F1C746CD}.Debug-Droid|x86.ActiveCfg = Debug-Droid|Any CPU
		{7E2DE76A-BF93-4B36-9223-D996F1C746CD}.Debug-Droid-Lehrer|Any CPU.ActiveCfg = Debug-Droid-Lehrer|Any CPU
		{7E2DE76A-BF93-4B36-9223-D996F1C746CD}.Debug-Droid-Lehrer|Any CPU.Build.0 = Debug-Droid-Lehrer|Any CPU
		{7E2DE76A-BF93-4B36-9223-D996F1C746CD}.Debug-Droid-Lehrer|ARM.ActiveCfg = Debug-Droid-Lehrer|Any CPU
		{7E2DE76A-BF93-4B36-9223-D996F1C746CD}.Debug-Droid-Lehrer|x86.ActiveCfg = Debug-Droid-Lehrer|Any CPU
		{7E2DE76A-BF93-4B36-9223-D996F1C746CD}.Debug-iOS|Any CPU.ActiveCfg = Debug-iOS|Any CPU
		{7E2DE76A-BF93-4B36-9223-D996F1C746CD}.Debug-iOS|Any CPU.Build.0 = Debug-iOS|Any CPU
		{7E2DE76A-BF93-4B36-9223-D996F1C746CD}.Debug-iOS|ARM.ActiveCfg = Debug-iOS|Any CPU
		{7E2DE76A-BF93-4B36-9223-D996F1C746CD}.Debug-iOS|x86.ActiveCfg = Debug-iOS|Any CPU
		{7E2DE76A-BF93-4B36-9223-D996F1C746CD}.Debug-iOS-Lehrer|Any CPU.ActiveCfg = Debug-iOS-Lehrer|Any CPU
		{7E2DE76A-BF93-4B36-9223-D996F1C746CD}.Debug-iOS-Lehrer|Any CPU.Build.0 = Debug-iOS-Lehrer|Any CPU
		{7E2DE76A-BF93-4B36-9223-D996F1C746CD}.Debug-iOS-Lehrer|ARM.ActiveCfg = Debug-iOS-Lehrer|Any CPU
		{7E2DE76A-BF93-4B36-9223-D996F1C746CD}.Debug-iOS-Lehrer|x86.ActiveCfg = Debug-iOS-Lehrer|Any CPU
		{7E2DE76A-BF93-4B36-9223-D996F1C746CD}.Debug-WP|Any CPU.ActiveCfg = Debug-WP|Any CPU
		{7E2DE76A-BF93-4B36-9223-D996F1C746CD}.Debug-WP|Any CPU.Build.0 = Debug-WP|Any CPU
		{7E2DE76A-BF93-4B36-9223-D996F1C746CD}.Debug-WP|ARM.ActiveCfg = Debug-WP|Any CPU
		{7E2DE76A-BF93-4B36-9223-D996F1C746CD}.Debug-WP|x86.ActiveCfg = Debug-WP|Any CPU
		{7E2DE76A-BF93-4B36-9223-D996F1C746CD}.Debug-WP-Lehrer|Any CPU.ActiveCfg = Debug-WP-Lehrer|Any CPU
		{7E2DE76A-BF93-4B36-9223-D996F1C746CD}.Debug-WP-Lehrer|Any CPU.Build.0 = Debug-WP-Lehrer|Any CPU
		{7E2DE76A-BF93-4B36-9223-D996F1C746CD}.Debug-WP-Lehrer|ARM.ActiveCfg = Debug-WP-Lehrer|Any CPU
		{7E2DE76A-BF93-4B36-9223-D996F1C746CD}.Debug-WP-Lehrer|x86.ActiveCfg = Debug-WP-Lehrer|Any CPU
		{7E2DE76A-BF93-4B36-9223-D996F1C746CD}.Droid|Any CPU.ActiveCfg = Droid|Any CPU
		{7E2DE76A-BF93-4B36-9223-D996F1C746CD}.Droid|Any CPU.Build.0 = Droid|Any CPU
		{7E2DE76A-BF93-4B36-9223-D996F1C746CD}.Droid|ARM.ActiveCfg = Droid|Any CPU
		{7E2DE76A-BF93-4B36-9223-D996F1C746CD}.Droid|x86.ActiveCfg = Droid|Any CPU
		{7E2DE76A-BF93-4B36-9223-D996F1C746CD}.Droid-Lehrer|Any CPU.ActiveCfg = Droid-Lehrer|Any CPU
		{7E2DE76A-BF93-4B36-9223-D996F1C746CD}.Droid-Lehrer|Any CPU.Build.0 = Droid-Lehrer|Any CPU
		{7E2DE76A-BF93-4B36-9223-D996F1C746CD}.Droid-Lehrer|ARM.ActiveCfg = Droid-Lehrer|Any CPU
		{7E2DE76A-BF93-4B36-9223-D996F1C746CD}.Droid-Lehrer|x86.ActiveCfg = Droid-Lehrer|Any CPU
		{7E2DE76A-BF93-4B36-9223-D996F1C746CD}.Release|Any CPU.ActiveCfg = Release|Any CPU
		{7E2DE76A-BF93-4B36-9223-D996F1C746CD}.Release|Any CPU.Build.0 = Release|Any CPU
		{7E2DE76A-BF93-4B36-9223-D996F1C746CD}.Release|ARM.ActiveCfg = Release|Any CPU
		{7E2DE76A-BF93-4B36-9223-D996F1C746CD}.Release|x86.ActiveCfg = Release|Any CPU
		{7E2DE76A-BF93-4B36-9223-D996F1C746CD}.Release-iOS|Any CPU.ActiveCfg = Release-iOS|Any CPU
		{7E2DE76A-BF93-4B36-9223-D996F1C746CD}.Release-iOS|Any CPU.Build.0 = Release-iOS|Any CPU
		{7E2DE76A-BF93-4B36-9223-D996F1C746CD}.Release-iOS|ARM.ActiveCfg = Release-iOS|Any CPU
		{7E2DE76A-BF93-4B36-9223-D996F1C746CD}.Release-iOS|x86.ActiveCfg = Release-iOS|Any CPU
		{7E2DE76A-BF93-4B36-9223-D996F1C746CD}.Release-iOS-Lehrer|Any CPU.ActiveCfg = Release-iOS-Lehrer|Any CPU
		{7E2DE76A-BF93-4B36-9223-D996F1C746CD}.Release-iOS-Lehrer|Any CPU.Build.0 = Release-iOS-Lehrer|Any CPU
		{7E2DE76A-BF93-4B36-9223-D996F1C746CD}.Release-iOS-Lehrer|ARM.ActiveCfg = Release-iOS-Lehrer|Any CPU
		{7E2DE76A-BF93-4B36-9223-D996F1C746CD}.Release-iOS-Lehrer|x86.ActiveCfg = Release-iOS-Lehrer|Any CPU
		{7E2DE76A-BF93-4B36-9223-D996F1C746CD}.Release-WP|Any CPU.ActiveCfg = Release-WP|Any CPU
		{7E2DE76A-BF93-4B36-9223-D996F1C746CD}.Release-WP|Any CPU.Build.0 = Release-WP|Any CPU
		{7E2DE76A-BF93-4B36-9223-D996F1C746CD}.Release-WP|ARM.ActiveCfg = Release-WP|Any CPU
		{7E2DE76A-BF93-4B36-9223-D996F1C746CD}.Release-WP|x86.ActiveCfg = Release-WP|Any CPU
		{7E2DE76A-BF93-4B36-9223-D996F1C746CD}.Release-WP-Lehrer|Any CPU.ActiveCfg = Release-WP-Lehrer|Any CPU
		{7E2DE76A-BF93-4B36-9223-D996F1C746CD}.Release-WP-Lehrer|Any CPU.Build.0 = Release-WP-Lehrer|Any CPU
		{7E2DE76A-BF93-4B36-9223-D996F1C746CD}.Release-WP-Lehrer|ARM.ActiveCfg = Release-WP-Lehrer|Any CPU
		{7E2DE76A-BF93-4B36-9223-D996F1C746CD}.Release-WP-Lehrer|x86.ActiveCfg = Release-WP-Lehrer|Any CPU
	EndGlobalSection
	GlobalSection(SolutionProperties) = preSolution
		HideSolutionNode = FALSE
	EndGlobalSection
EndGlobal
