
Microsoft Visual Studio Solution File, Format Version 12.00
# Visual Studio 2013
VisualStudioVersion = 12.0.31101.0
MinimumVisualStudioVersion = 10.0.40219.1
Project("{FAE04EC0-301F-11D3-BF4B-00C04F79EFBC}") = "vplan", "vplan\vplan.csproj", "{2C137D8B-D5D3-4D89-8445-535E7C3D4A32}"
EndProject
Project("{FAE04EC0-301F-11D3-BF4B-00C04F79EFBC}") = "DataUpdate", "DataUpdate\DataUpdate.csproj", "{62FD9703-371A-4893-9DCD-4EDB84B09862}"
EndProject
Project("{FAE04EC0-301F-11D3-BF4B-00C04F79EFBC}") = "UntisExport", "..\UntisExp\informant-core\UntisExport.csproj", "{7E2DE76A-BF93-4B36-9223-D996F1C746CD}"
EndProject
Global
	GlobalSection(SolutionConfigurationPlatforms) = preSolution
		Debug|Any CPU = Debug|Any CPU
		Debug|ARM = Debug|ARM
		Debug|x86 = Debug|x86
		Release|Any CPU = Release|Any CPU
		Release|ARM = Release|ARM
		Release|x86 = Release|x86
	EndGlobalSection
	GlobalSection(ProjectConfigurationPlatforms) = postSolution
		{2C137D8B-D5D3-4D89-8445-535E7C3D4A32}.Debug|Any CPU.ActiveCfg = Debug|Any CPU
		{2C137D8B-D5D3-4D89-8445-535E7C3D4A32}.Debug|Any CPU.Build.0 = Debug|Any CPU
		{2C137D8B-D5D3-4D89-8445-535E7C3D4A32}.Debug|Any CPU.Deploy.0 = Debug|Any CPU
		{2C137D8B-D5D3-4D89-8445-535E7C3D4A32}.Debug|ARM.ActiveCfg = Debug|ARM
		{2C137D8B-D5D3-4D89-8445-535E7C3D4A32}.Debug|ARM.Build.0 = Debug|ARM
		{2C137D8B-D5D3-4D89-8445-535E7C3D4A32}.Debug|ARM.Deploy.0 = Debug|ARM
		{2C137D8B-D5D3-4D89-8445-535E7C3D4A32}.Debug|x86.ActiveCfg = Debug|x86
		{2C137D8B-D5D3-4D89-8445-535E7C3D4A32}.Debug|x86.Build.0 = Debug|x86
		{2C137D8B-D5D3-4D89-8445-535E7C3D4A32}.Debug|x86.Deploy.0 = Debug|x86
		{2C137D8B-D5D3-4D89-8445-535E7C3D4A32}.Release|Any CPU.ActiveCfg = Release|Any CPU
		{2C137D8B-D5D3-4D89-8445-535E7C3D4A32}.Release|Any CPU.Build.0 = Release|Any CPU
		{2C137D8B-D5D3-4D89-8445-535E7C3D4A32}.Release|Any CPU.Deploy.0 = Release|Any CPU
		{2C137D8B-D5D3-4D89-8445-535E7C3D4A32}.Release|ARM.ActiveCfg = Release|ARM
		{2C137D8B-D5D3-4D89-8445-535E7C3D4A32}.Release|ARM.Build.0 = Release|ARM
		{2C137D8B-D5D3-4D89-8445-535E7C3D4A32}.Release|ARM.Deploy.0 = Release|ARM
		{2C137D8B-D5D3-4D89-8445-535E7C3D4A32}.Release|x86.ActiveCfg = Release|x86
		{2C137D8B-D5D3-4D89-8445-535E7C3D4A32}.Release|x86.Build.0 = Release|x86
		{2C137D8B-D5D3-4D89-8445-535E7C3D4A32}.Release|x86.Deploy.0 = Release|x86
		{62FD9703-371A-4893-9DCD-4EDB84B09862}.Debug|Any CPU.ActiveCfg = Debug|Any CPU
		{62FD9703-371A-4893-9DCD-4EDB84B09862}.Debug|Any CPU.Build.0 = Debug|Any CPU
		{62FD9703-371A-4893-9DCD-4EDB84B09862}.Debug|ARM.ActiveCfg = Debug|ARM
		{62FD9703-371A-4893-9DCD-4EDB84B09862}.Debug|ARM.Build.0 = Debug|ARM
		{62FD9703-371A-4893-9DCD-4EDB84B09862}.Debug|x86.ActiveCfg = Debug|x86
		{62FD9703-371A-4893-9DCD-4EDB84B09862}.Debug|x86.Build.0 = Debug|x86
		{62FD9703-371A-4893-9DCD-4EDB84B09862}.Release|Any CPU.ActiveCfg = Release|Any CPU
		{62FD9703-371A-4893-9DCD-4EDB84B09862}.Release|Any CPU.Build.0 = Release|Any CPU
		{62FD9703-371A-4893-9DCD-4EDB84B09862}.Release|ARM.ActiveCfg = Release|ARM
		{62FD9703-371A-4893-9DCD-4EDB84B09862}.Release|ARM.Build.0 = Release|ARM
		{62FD9703-371A-4893-9DCD-4EDB84B09862}.Release|x86.ActiveCfg = Release|x86
		{62FD9703-371A-4893-9DCD-4EDB84B09862}.Release|x86.Build.0 = Release|x86
		{7E2DE76A-BF93-4B36-9223-D996F1C746CD}.Debug|Any CPU.ActiveCfg = Debug|Any CPU
		{7E2DE76A-BF93-4B36-9223-D996F1C746CD}.Debug|Any CPU.Build.0 = Debug|Any CPU
		{7E2DE76A-BF93-4B36-9223-D996F1C746CD}.Debug|ARM.ActiveCfg = Debug|Any CPU
		{7E2DE76A-BF93-4B36-9223-D996F1C746CD}.Debug|x86.ActiveCfg = Debug|Any CPU
		{7E2DE76A-BF93-4B36-9223-D996F1C746CD}.Release|Any CPU.ActiveCfg = Release|Any CPU
		{7E2DE76A-BF93-4B36-9223-D996F1C746CD}.Release|Any CPU.Build.0 = Release|Any CPU
		{7E2DE76A-BF93-4B36-9223-D996F1C746CD}.Release|ARM.ActiveCfg = Release|Any CPU
		{7E2DE76A-BF93-4B36-9223-D996F1C746CD}.Release|x86.ActiveCfg = Release|Any CPU
	EndGlobalSection
	GlobalSection(SolutionProperties) = preSolution
		HideSolutionNode = FALSE
	EndGlobalSection
EndGlobal
